
Microsoft Visual Studio Solution File, Format Version 12.00
# Visual Studio Version 16
VisualStudioVersion = 16.0.30611.23
MinimumVisualStudioVersion = 10.0.40219.1
Project("{FAE04EC0-301F-11D3-BF4B-00C04F79EFBC}") = "SauceDemoCSharp", "SauceDemoCSharp\SauceDemoCSharp.csproj", "{834B7CCE-EC6A-47DB-AB31-8507BA0E5704}"
EndProject
Global
	GlobalSection(SolutionConfigurationPlatforms) = preSolution
		Debug|Any CPU = Debug|Any CPU
		Release|Any CPU = Release|Any CPU
	EndGlobalSection
	GlobalSection(ProjectConfigurationPlatforms) = postSolution
		{834B7CCE-EC6A-47DB-AB31-8507BA0E5704}.Debug|Any CPU.ActiveCfg = Debug|Any CPU
		{834B7CCE-EC6A-47DB-AB31-8507BA0E5704}.Debug|Any CPU.Build.0 = Debug|Any CPU
		{834B7CCE-EC6A-47DB-AB31-8507BA0E5704}.Release|Any CPU.ActiveCfg = Release|Any CPU
		{834B7CCE-EC6A-47DB-AB31-8507BA0E5704}.Release|Any CPU.Build.0 = Release|Any CPU
	EndGlobalSection
	GlobalSection(SolutionProperties) = preSolution
		HideSolutionNode = FALSE
	EndGlobalSection
	GlobalSection(ExtensibilityGlobals) = postSolution
		SolutionGuid = {4A4F1EBF-635F-4039-8EA8-1340BD61C704}
	EndGlobalSection
EndGlobal
